// !$*UTF8*$!
{
	archiveVersion = 1;
	classes = {
	};
	objectVersion = 50;
	objects = {

/* Begin PBXBuildFile section */
		A62204EE24D55DA700A68151 /* AppDelegate.swift in Sources */ = {isa = PBXBuildFile; fileRef = A62204ED24D55DA700A68151 /* AppDelegate.swift */; };
		A62204F024D55DA700A68151 /* SceneDelegate.swift in Sources */ = {isa = PBXBuildFile; fileRef = A62204EF24D55DA700A68151 /* SceneDelegate.swift */; };
		A62204F224D55DA700A68151 /* ContentView.swift in Sources */ = {isa = PBXBuildFile; fileRef = A62204F124D55DA700A68151 /* ContentView.swift */; };
		A62204F424D55DAB00A68151 /* Assets.xcassets in Resources */ = {isa = PBXBuildFile; fileRef = A62204F324D55DAB00A68151 /* Assets.xcassets */; };
		A62204F724D55DAB00A68151 /* Preview Assets.xcassets in Resources */ = {isa = PBXBuildFile; fileRef = A62204F624D55DAB00A68151 /* Preview Assets.xcassets */; };
		A62204FA24D55DAB00A68151 /* LaunchScreen.storyboard in Resources */ = {isa = PBXBuildFile; fileRef = A62204F824D55DAB00A68151 /* LaunchScreen.storyboard */; };
		A622050224D5636E00A68151 /* UIKitSlider.swift in Sources */ = {isa = PBXBuildFile; fileRef = A622050124D5636E00A68151 /* UIKitSlider.swift */; };
/* End PBXBuildFile section */

/* Begin PBXFileReference section */
		A62204EA24D55DA700A68151 /* HomeWork3.4.app */ = {isa = PBXFileReference; explicitFileType = wrapper.application; includeInIndex = 0; path = HomeWork3.4.app; sourceTree = BUILT_PRODUCTS_DIR; };
		A62204ED24D55DA700A68151 /* AppDelegate.swift */ = {isa = PBXFileReference; lastKnownFileType = sourcecode.swift; path = AppDelegate.swift; sourceTree = "<group>"; };
		A62204EF24D55DA700A68151 /* SceneDelegate.swift */ = {isa = PBXFileReference; lastKnownFileType = sourcecode.swift; path = SceneDelegate.swift; sourceTree = "<group>"; };
		A62204F124D55DA700A68151 /* ContentView.swift */ = {isa = PBXFileReference; lastKnownFileType = sourcecode.swift; path = ContentView.swift; sourceTree = "<group>"; };
		A62204F324D55DAB00A68151 /* Assets.xcassets */ = {isa = PBXFileReference; lastKnownFileType = folder.assetcatalog; path = Assets.xcassets; sourceTree = "<group>"; };
		A62204F624D55DAB00A68151 /* Preview Assets.xcassets */ = {isa = PBXFileReference; lastKnownFileType = folder.assetcatalog; path = "Preview Assets.xcassets"; sourceTree = "<group>"; };
		A62204F924D55DAB00A68151 /* Base */ = {isa = PBXFileReference; lastKnownFileType = file.storyboard; name = Base; path = Base.lproj/LaunchScreen.storyboard; sourceTree = "<group>"; };
		A62204FB24D55DAB00A68151 /* Info.plist */ = {isa = PBXFileReference; lastKnownFileType = text.plist.xml; path = Info.plist; sourceTree = "<group>"; };
		A622050124D5636E00A68151 /* UIKitSlider.swift */ = {isa = PBXFileReference; lastKnownFileType = sourcecode.swift; path = UIKitSlider.swift; sourceTree = "<group>"; };
/* End PBXFileReference section */

/* Begin PBXFrameworksBuildPhase section */
		A62204E724D55DA700A68151 /* Frameworks */ = {
			isa = PBXFrameworksBuildPhase;
			buildActionMask = 2147483647;
			files = (
			);
			runOnlyForDeploymentPostprocessing = 0;
		};
/* End PBXFrameworksBuildPhase section */

/* Begin PBXGroup section */
		A62204E124D55DA700A68151 = {
			isa = PBXGroup;
			children = (
				A62204EC24D55DA700A68151 /* HomeWork3.4 */,
				A62204EB24D55DA700A68151 /* Products */,
			);
			sourceTree = "<group>";
		};
		A62204EB24D55DA700A68151 /* Products */ = {
			isa = PBXGroup;
			children = (
				A62204EA24D55DA700A68151 /* HomeWork3.4.app */,
			);
			name = Products;
			sourceTree = "<group>";
		};
		A62204EC24D55DA700A68151 /* HomeWork3.4 */ = {
			isa = PBXGroup;
			children = (
				A62204ED24D55DA700A68151 /* AppDelegate.swift */,
				A62204EF24D55DA700A68151 /* SceneDelegate.swift */,
				A62204F124D55DA700A68151 /* ContentView.swift */,
				A622050124D5636E00A68151 /* UIKitSlider.swift */,
				A62204F324D55DAB00A68151 /* Assets.xcassets */,
				A62204F824D55DAB00A68151 /* LaunchScreen.storyboard */,
				A62204FB24D55DAB00A68151 /* Info.plist */,
				A62204F524D55DAB00A68151 /* Preview Content */,
			);
			path = HomeWork3.4;
			sourceTree = "<group>";
		};
		A62204F524D55DAB00A68151 /* Preview Content */ = {
			isa = PBXGroup;
			children = (
				A62204F624D55DAB00A68151 /* Preview Assets.xcassets */,
			);
			path = "Preview Content";
			sourceTree = "<group>";
		};
/* End PBXGroup section */

/* Begin PBXNativeTarget section */
		A62204E924D55DA700A68151 /* HomeWork3.4 */ = {
			isa = PBXNativeTarget;
			buildConfigurationList = A62204FE24D55DAB00A68151 /* Build configuration list for PBXNativeTarget "HomeWork3.4" */;
			buildPhases = (
				A62204E624D55DA700A68151 /* Sources */,
				A62204E724D55DA700A68151 /* Frameworks */,
				A62204E824D55DA700A68151 /* Resources */,
			);
			buildRules = (
			);
			dependencies = (
			);
			name = HomeWork3.4;
			productName = HomeWork3.4;
			productReference = A62204EA24D55DA700A68151 /* HomeWork3.4.app */;
			productType = "com.apple.product-type.application";
		};
/* End PBXNativeTarget section */

/* Begin PBXProject section */
		A62204E224D55DA700A68151 /* Project object */ = {
			isa = PBXProject;
			attributes = {
				LastSwiftUpdateCheck = 1160;
				LastUpgradeCheck = 1160;
				ORGANIZATIONNAME = "Alex Sander";
				TargetAttributes = {
					A62204E924D55DA700A68151 = {
						CreatedOnToolsVersion = 11.6;
					};
				};
			};
			buildConfigurationList = A62204E524D55DA700A68151 /* Build configuration list for PBXProject "HomeWork3.4" */;
			compatibilityVersion = "Xcode 9.3";
			developmentRegion = en;
			hasScannedForEncodings = 0;
			knownRegions = (
				en,
				Base,
			);
			mainGroup = A62204E124D55DA700A68151;
			productRefGroup = A62204EB24D55DA700A68151 /* Products */;
			projectDirPath = "";
			projectRoot = "";
			targets = (
				A62204E924D55DA700A68151 /* HomeWork3.4 */,
			);
		};
/* End PBXProject section */

/* Begin PBXResourcesBuildPhase section */
		A62204E824D55DA700A68151 /* Resources */ = {
			isa = PBXResourcesBuildPhase;
			buildActionMask = 2147483647;
			files = (
				A62204FA24D55DAB00A68151 /* LaunchScreen.storyboard in Resources */,
				A62204F724D55DAB00A68151 /* Preview Assets.xcassets in Resources */,
				A62204F424D55DAB00A68151 /* Assets.xcassets in Resources */,
			);
			runOnlyForDeploymentPostprocessing = 0;
		};
/* End PBXResourcesBuildPhase section */

/* Begin PBXSourcesBuildPhase section */
		A62204E624D55DA700A68151 /* Sources */ = {
			isa = PBXSourcesBuildPhase;
			buildActionMask = 2147483647;
			files = (
				A62204EE24D55DA700A68151 /* AppDelegate.swift in Sources */,
				A622050224D5636E00A68151 /* UIKitSlider.swift in Sources */,
				A62204F024D55DA700A68151 /* SceneDelegate.swift in Sources */,
				A62204F224D55DA700A68151 /* ContentView.swift in Sources */,
			);
			runOnlyForDeploymentPostprocessing = 0;
		};
/* End PBXSourcesBuildPhase section */

/* Begin PBXVariantGroup section */
		A62204F824D55DAB00A68151 /* LaunchScreen.storyboard */ = {
			isa = PBXVariantGroup;
			children = (
				A62204F924D55DAB00A68151 /* Base */,
			);
			name = LaunchScreen.storyboard;
			sourceTree = "<group>";
		};
/* End PBXVariantGroup section */

/* Begin XCBuildConfiguration section */
		A62204FC24D55DAB00A68151 /* Debug */ = {
			isa = XCBuildConfiguration;
			buildSettings = {
				ALWAYS_SEARCH_USER_PATHS = NO;
				CLANG_ANALYZER_NONNULL = YES;
				CLANG_ANALYZER_NUMBER_OBJECT_CONVERSION = YES_AGGRESSIVE;
				CLANG_CXX_LANGUAGE_STANDARD = "gnu++14";
				CLANG_CXX_LIBRARY = "libc++";
				CLANG_ENABLE_MODULES = YES;
				CLANG_ENABLE_OBJC_ARC = YES;
				CLANG_ENABLE_OBJC_WEAK = YES;
				CLANG_WARN_BLOCK_CAPTURE_AUTORELEASING = YES;
				CLANG_WARN_BOOL_CONVERSION = YES;
				CLANG_WARN_COMMA = YES;
				CLANG_WARN_CONSTANT_CONVERSION = YES;
				CLANG_WARN_DEPRECATED_OBJC_IMPLEMENTATIONS = YES;
				CLANG_WARN_DIRECT_OBJC_ISA_USAGE = YES_ERROR;
				CLANG_WARN_DOCUMENTATION_COMMENTS = YES;
				CLANG_WARN_EMPTY_BODY = YES;
				CLANG_WARN_ENUM_CONVERSION = YES;
				CLANG_WARN_INFINITE_RECURSION = YES;
				CLANG_WARN_INT_CONVERSION = YES;
				CLANG_WARN_NON_LITERAL_NULL_CONVERSION = YES;
				CLANG_WARN_OBJC_IMPLICIT_RETAIN_SELF = YES;
				CLANG_WARN_OBJC_LITERAL_CONVERSION = YES;
				CLANG_WARN_OBJC_ROOT_CLASS = YES_ERROR;
				CLANG_WARN_RANGE_LOOP_ANALYSIS = YES;
				CLANG_WARN_STRICT_PROTOTYPES = YES;
				CLANG_WARN_SUSPICIOUS_MOVE = YES;
				CLANG_WARN_UNGUARDED_AVAILABILITY = YES_AGGRESSIVE;
				CLANG_WARN_UNREACHABLE_CODE = YES;
				CLANG_WARN__DUPLICATE_METHOD_MATCH = YES;
				COPY_PHASE_STRIP = NO;
				DEBUG_INFORMATION_FORMAT = dwarf;
				ENABLE_STRICT_OBJC_MSGSEND = YES;
				ENABLE_TESTABILITY = YES;
				GCC_C_LANGUAGE_STANDARD = gnu11;
				GCC_DYNAMIC_NO_PIC = NO;
				GCC_NO_COMMON_BLOCKS = YES;
				GCC_OPTIMIZATION_LEVEL = 0;
				GCC_PREPROCESSOR_DEFINITIONS = (
					"DEBUG=1",
					"$(inherited)",
				);
				GCC_WARN_64_TO_32_BIT_CONVERSION = YES;
				GCC_WARN_ABOUT_RETURN_TYPE = YES_ERROR;
				GCC_WARN_UNDECLARED_SELECTOR = YES;
				GCC_WARN_UNINITIALIZED_AUTOS = YES_AGGRESSIVE;
				GCC_WARN_UNUSED_FUNCTION = YES;
				GCC_WARN_UNUSED_VARIABLE = YES;
				IPHONEOS_DEPLOYMENT_TARGET = 13.6;
				MTL_ENABLE_DEBUG_INFO = INCLUDE_SOURCE;
				MTL_FAST_MATH = YES;
				ONLY_ACTIVE_ARCH = YES;
				SDKROOT = iphoneos;
				SWIFT_ACTIVE_COMPILATION_CONDITIONS = DEBUG;
				SWIFT_OPTIMIZATION_LEVEL = "-Onone";
			};
			name = Debug;
		};
		A62204FD24D55DAB00A68151 /* Release */ = {
			isa = XCBuildConfiguration;
			buildSettings = {
				ALWAYS_SEARCH_USER_PATHS = NO;
				CLANG_ANALYZER_NONNULL = YES;
				CLANG_ANALYZER_NUMBER_OBJECT_CONVERSION = YES_AGGRESSIVE;
				CLANG_CXX_LANGUAGE_STANDARD = "gnu++14";
				CLANG_CXX_LIBRARY = "libc++";
				CLANG_ENABLE_MODULES = YES;
				CLANG_ENABLE_OBJC_ARC = YES;
				CLANG_ENABLE_OBJC_WEAK = YES;
				CLANG_WARN_BLOCK_CAPTURE_AUTORELEASING = YES;
				CLANG_WARN_BOOL_CONVERSION = YES;
				CLANG_WARN_COMMA = YES;
				CLANG_WARN_CONSTANT_CONVERSION = YES;
				CLANG_WARN_DEPRECATED_OBJC_IMPLEMENTATIONS = YES;
				CLANG_WARN_DIRECT_OBJC_ISA_USAGE = YES_ERROR;
				CLANG_WARN_DOCUMENTATION_COMMENTS = YES;
				CLANG_WARN_EMPTY_BODY = YES;
				CLANG_WARN_ENUM_CONVERSION = YES;
				CLANG_WARN_INFINITE_RECURSION = YES;
				CLANG_WARN_INT_CONVERSION = YES;
				CLANG_WARN_NON_LITERAL_NULL_CONVERSION = YES;
				CLANG_WARN_OBJC_IMPLICIT_RETAIN_SELF = YES;
				CLANG_WARN_OBJC_LITERAL_CONVERSION = YES;
				CLANG_WARN_OBJC_ROOT_CLASS = YES_ERROR;
				CLANG_WARN_RANGE_LOOP_ANALYSIS = YES;
				CLANG_WARN_STRICT_PROTOTYPES = YES;
				CLANG_WARN_SUSPICIOUS_MOVE = YES;
				CLANG_WARN_UNGUARDED_AVAILABILITY = YES_AGGRESSIVE;
				CLANG_WARN_UNREACHABLE_CODE = YES;
				CLANG_WARN__DUPLICATE_METHOD_MATCH = YES;
				COPY_PHASE_STRIP = NO;
				DEBUG_INFORMATION_FORMAT = "dwarf-with-dsym";
				ENABLE_NS_ASSERTIONS = NO;
				ENABLE_STRICT_OBJC_MSGSEND = YES;
				GCC_C_LANGUAGE_STANDARD = gnu11;
				GCC_NO_COMMON_BLOCKS = YES;
				GCC_WARN_64_TO_32_BIT_CONVERSION = YES;
				GCC_WARN_ABOUT_RETURN_TYPE = YES_ERROR;
				GCC_WARN_UNDECLARED_SELECTOR = YES;
				GCC_WARN_UNINITIALIZED_AUTOS = YES_AGGRESSIVE;
				GCC_WARN_UNUSED_FUNCTION = YES;
				GCC_WARN_UNUSED_VARIABLE = YES;
				IPHONEOS_DEPLOYMENT_TARGET = 13.6;
				MTL_ENABLE_DEBUG_INFO = NO;
				MTL_FAST_MATH = YES;
				SDKROOT = iphoneos;
				SWIFT_COMPILATION_MODE = wholemodule;
				SWIFT_OPTIMIZATION_LEVEL = "-O";
				VALIDATE_PRODUCT = YES;
			};
			name = Release;
		};
		A62204FF24D55DAB00A68151 /* Debug */ = {
			isa = XCBuildConfiguration;
			buildSettings = {
				ASSETCATALOG_COMPILER_APPICON_NAME = AppIcon;
				CODE_SIGN_STYLE = Automatic;
				DEVELOPMENT_ASSET_PATHS = "\"HomeWork3.4/Preview Content\"";
				ENABLE_PREVIEWS = YES;
				INFOPLIST_FILE = HomeWork3.4/Info.plist;
				LD_RUNPATH_SEARCH_PATHS = (
					"$(inherited)",
					"@executable_path/Frameworks",
				);
				PRODUCT_BUNDLE_IDENTIFIER = "com.swiftbook.HomeWork3-4";
				PRODUCT_NAME = "$(TARGET_NAME)";
				SWIFT_VERSION = 5.0;
				TARGETED_DEVICE_FAMILY = "1,2";
			};
			name = Debug;
		};
		A622050024D55DAB00A68151 /* Release */ = {
			isa = XCBuildConfiguration;
			buildSettings = {
				ASSETCATALOG_COMPILER_APPICON_NAME = AppIcon;
				CODE_SIGN_STYLE = Automatic;
				DEVELOPMENT_ASSET_PATHS = "\"HomeWork3.4/Preview Content\"";
				ENABLE_PREVIEWS = YES;
				INFOPLIST_FILE = HomeWork3.4/Info.plist;
				LD_RUNPATH_SEARCH_PATHS = (
					"$(inherited)",
					"@executable_path/Frameworks",
				);
				PRODUCT_BUNDLE_IDENTIFIER = "com.swiftbook.HomeWork3-4";
				PRODUCT_NAME = "$(TARGET_NAME)";
				SWIFT_VERSION = 5.0;
				TARGETED_DEVICE_FAMILY = "1,2";
			};
			name = Release;
		};
/* End XCBuildConfiguration section */

/* Begin XCConfigurationList section */
		A62204E524D55DA700A68151 /* Build configuration list for PBXProject "HomeWork3.4" */ = {
			isa = XCConfigurationList;
			buildConfigurations = (
				A62204FC24D55DAB00A68151 /* Debug */,
				A62204FD24D55DAB00A68151 /* Release */,
			);
			defaultConfigurationIsVisible = 0;
			defaultConfigurationName = Release;
		};
		A62204FE24D55DAB00A68151 /* Build configuration list for PBXNativeTarget "HomeWork3.4" */ = {
			isa = XCConfigurationList;
			buildConfigurations = (
				A62204FF24D55DAB00A68151 /* Debug */,
				A622050024D55DAB00A68151 /* Release */,
			);
			defaultConfigurationIsVisible = 0;
			defaultConfigurationName = Release;
		};
/* End XCConfigurationList section */
	};
	rootObject = A62204E224D55DA700A68151 /* Project object */;
}
